
Microsoft Visual Studio Solution File, Format Version 12.00
# Visual Studio Version 16
VisualStudioVersion = 16.0.30717.126
MinimumVisualStudioVersion = 10.0.40219.1
Project("{FAE04EC0-301F-11D3-BF4B-00C04F79EFBC}") = "AUTOHLT.WEB.API", "AUTOHLT.WEB.API\AUTOHLT.WEB.API.csproj", "{421FEEE3-AEBF-4484-9D2C-ABC5F9C0B47F}"
EndProject
Project("{9A19103F-16F7-4668-BE54-9A1E7A4F7556}") = "AUTOHLT.MOBILE", "AUTOHLT.MOBILE\AUTOHLT.MOBILE\AUTOHLT.MOBILE.csproj", "{06B8432C-E5D9-436D-A7B8-336D3B7B6D76}"
EndProject
Project("{FAE04EC0-301F-11D3-BF4B-00C04F79EFBC}") = "AUTOHLT.MOBILE.Android", "AUTOHLT.MOBILE\AUTOHLT.MOBILE.Android\AUTOHLT.MOBILE.Android.csproj", "{A4C35746-7525-4B20-9DC7-429CD2E02CB4}"
EndProject
Project("{FAE04EC0-301F-11D3-BF4B-00C04F79EFBC}") = "AUTOHLT.MOBILE.iOS", "AUTOHLT.MOBILE\AUTOHLT.MOBILE.iOS\AUTOHLT.MOBILE.iOS.csproj", "{761D0AB6-5C0F-4283-B31C-6DC74F29128D}"
EndProject
Project("{FAE04EC0-301F-11D3-BF4B-00C04F79EFBC}") = "AUTOHLT.CONSOLE", "AUTOHLT.CONSOLE\AUTOHLT.CONSOLE.csproj", "{6637C171-1FA8-4DDD-ADE1-7A901AAF8692}"
EndProject
Project("{FAE04EC0-301F-11D3-BF4B-00C04F79EFBC}") = "AUTO.HLT.ADMIN", "AUTO.HLT.ADMIN\AUTO.HLT.ADMIN.csproj", "{C0BB541D-3639-4115-9AAE-E1CB753D7DD8}"
EndProject
Project("{9A19103F-16F7-4668-BE54-9A1E7A4F7556}") = "AUTO.HLT.CRM", "AUTO.HLT.CRM\AUTO.HLT.CRM.csproj", "{5A20C2C8-637A-46FB-9D4E-90E9B6D5B220}"
EndProject
Project("{9A19103F-16F7-4668-BE54-9A1E7A4F7556}") = "AUTO.HLT.MOBILE.VIP", "AUTO.HLT.MOBILE.VIP\AUTO.HLT.MOBILE.VIP\AUTO.HLT.MOBILE.VIP.csproj", "{DFF96C91-832B-4C8A-90B7-037E1BE2725B}"
EndProject
Project("{FAE04EC0-301F-11D3-BF4B-00C04F79EFBC}") = "AUTO.HLT.MOBILE.VIP.Android", "AUTO.HLT.MOBILE.VIP\AUTO.HLT.MOBILE.VIP.Android\AUTO.HLT.MOBILE.VIP.Android.csproj", "{63C9C333-133F-44F6-8CBB-07D3D63081CD}"
EndProject
Project("{FAE04EC0-301F-11D3-BF4B-00C04F79EFBC}") = "AUTO.HLT.MOBILE.VIP.iOS", "AUTO.HLT.MOBILE.VIP\AUTO.HLT.MOBILE.VIP.iOS\AUTO.HLT.MOBILE.VIP.iOS.csproj", "{F7609E43-4E70-48D7-ABF4-04AA4B1A95AA}"
EndProject
Project("{FAE04EC0-301F-11D3-BF4B-00C04F79EFBC}") = "AUTO.SEND.MESSAGE.FACEBOOK.TOOL", "AUTO.SEND.MESSAGE.FACEBOOK.TOOL\AUTO.SEND.MESSAGE.FACEBOOK.TOOL.csproj", "{6AF76794-B681-497D-99C7-2A32C5A18A41}"
EndProject
Project("{FAE04EC0-301F-11D3-BF4B-00C04F79EFBC}") = "AUTO.DLL", "AUTO.DLL\AUTO.DLL.csproj", "{19637D9B-B825-4ADF-9A47-2FBAE19E39C7}"
EndProject
Project("{FAE04EC0-301F-11D3-BF4B-00C04F79EFBC}") = "AUTO.HLT.SELENIUM", "AUTO.HLT.SELENIUM\AUTO.HLT.SELENIUM.csproj", "{B1209BA6-3FA2-498F-B23A-9B6F91FB6BE1}"
EndProject
Global
	GlobalSection(SolutionConfigurationPlatforms) = preSolution
		Ad-Hoc|Any CPU = Ad-Hoc|Any CPU
		Ad-Hoc|iPhone = Ad-Hoc|iPhone
		Ad-Hoc|iPhoneSimulator = Ad-Hoc|iPhoneSimulator
		AppStore|Any CPU = AppStore|Any CPU
		AppStore|iPhone = AppStore|iPhone
		AppStore|iPhoneSimulator = AppStore|iPhoneSimulator
		Debug|Any CPU = Debug|Any CPU
		Debug|iPhone = Debug|iPhone
		Debug|iPhoneSimulator = Debug|iPhoneSimulator
		Release|Any CPU = Release|Any CPU
		Release|iPhone = Release|iPhone
		Release|iPhoneSimulator = Release|iPhoneSimulator
	EndGlobalSection
	GlobalSection(ProjectConfigurationPlatforms) = postSolution
		{421FEEE3-AEBF-4484-9D2C-ABC5F9C0B47F}.Ad-Hoc|Any CPU.ActiveCfg = Release|Any CPU
		{421FEEE3-AEBF-4484-9D2C-ABC5F9C0B47F}.Ad-Hoc|Any CPU.Build.0 = Release|Any CPU
		{421FEEE3-AEBF-4484-9D2C-ABC5F9C0B47F}.Ad-Hoc|iPhone.ActiveCfg = Release|Any CPU
		{421FEEE3-AEBF-4484-9D2C-ABC5F9C0B47F}.Ad-Hoc|iPhone.Build.0 = Release|Any CPU
		{421FEEE3-AEBF-4484-9D2C-ABC5F9C0B47F}.Ad-Hoc|iPhoneSimulator.ActiveCfg = Release|Any CPU
		{421FEEE3-AEBF-4484-9D2C-ABC5F9C0B47F}.Ad-Hoc|iPhoneSimulator.Build.0 = Release|Any CPU
		{421FEEE3-AEBF-4484-9D2C-ABC5F9C0B47F}.AppStore|Any CPU.ActiveCfg = Release|Any CPU
		{421FEEE3-AEBF-4484-9D2C-ABC5F9C0B47F}.AppStore|Any CPU.Build.0 = Release|Any CPU
		{421FEEE3-AEBF-4484-9D2C-ABC5F9C0B47F}.AppStore|iPhone.ActiveCfg = Release|Any CPU
		{421FEEE3-AEBF-4484-9D2C-ABC5F9C0B47F}.AppStore|iPhone.Build.0 = Release|Any CPU
		{421FEEE3-AEBF-4484-9D2C-ABC5F9C0B47F}.AppStore|iPhoneSimulator.ActiveCfg = Release|Any CPU
		{421FEEE3-AEBF-4484-9D2C-ABC5F9C0B47F}.AppStore|iPhoneSimulator.Build.0 = Release|Any CPU
		{421FEEE3-AEBF-4484-9D2C-ABC5F9C0B47F}.Debug|Any CPU.ActiveCfg = Debug|Any CPU
		{421FEEE3-AEBF-4484-9D2C-ABC5F9C0B47F}.Debug|Any CPU.Build.0 = Debug|Any CPU
		{421FEEE3-AEBF-4484-9D2C-ABC5F9C0B47F}.Debug|iPhone.ActiveCfg = Debug|Any CPU
		{421FEEE3-AEBF-4484-9D2C-ABC5F9C0B47F}.Debug|iPhone.Build.0 = Debug|Any CPU
		{421FEEE3-AEBF-4484-9D2C-ABC5F9C0B47F}.Debug|iPhoneSimulator.ActiveCfg = Debug|Any CPU
		{421FEEE3-AEBF-4484-9D2C-ABC5F9C0B47F}.Debug|iPhoneSimulator.Build.0 = Debug|Any CPU
		{421FEEE3-AEBF-4484-9D2C-ABC5F9C0B47F}.Release|Any CPU.ActiveCfg = Release|Any CPU
		{421FEEE3-AEBF-4484-9D2C-ABC5F9C0B47F}.Release|Any CPU.Build.0 = Release|Any CPU
		{421FEEE3-AEBF-4484-9D2C-ABC5F9C0B47F}.Release|iPhone.ActiveCfg = Release|Any CPU
		{421FEEE3-AEBF-4484-9D2C-ABC5F9C0B47F}.Release|iPhone.Build.0 = Release|Any CPU
		{421FEEE3-AEBF-4484-9D2C-ABC5F9C0B47F}.Release|iPhoneSimulator.ActiveCfg = Release|Any CPU
		{421FEEE3-AEBF-4484-9D2C-ABC5F9C0B47F}.Release|iPhoneSimulator.Build.0 = Release|Any CPU
		{06B8432C-E5D9-436D-A7B8-336D3B7B6D76}.Ad-Hoc|Any CPU.ActiveCfg = Debug|Any CPU
		{06B8432C-E5D9-436D-A7B8-336D3B7B6D76}.Ad-Hoc|Any CPU.Build.0 = Debug|Any CPU
		{06B8432C-E5D9-436D-A7B8-336D3B7B6D76}.Ad-Hoc|iPhone.ActiveCfg = Debug|Any CPU
		{06B8432C-E5D9-436D-A7B8-336D3B7B6D76}.Ad-Hoc|iPhone.Build.0 = Debug|Any CPU
		{06B8432C-E5D9-436D-A7B8-336D3B7B6D76}.Ad-Hoc|iPhoneSimulator.ActiveCfg = Debug|Any CPU
		{06B8432C-E5D9-436D-A7B8-336D3B7B6D76}.Ad-Hoc|iPhoneSimulator.Build.0 = Debug|Any CPU
		{06B8432C-E5D9-436D-A7B8-336D3B7B6D76}.AppStore|Any CPU.ActiveCfg = Debug|Any CPU
		{06B8432C-E5D9-436D-A7B8-336D3B7B6D76}.AppStore|Any CPU.Build.0 = Debug|Any CPU
		{06B8432C-E5D9-436D-A7B8-336D3B7B6D76}.AppStore|iPhone.ActiveCfg = Debug|Any CPU
		{06B8432C-E5D9-436D-A7B8-336D3B7B6D76}.AppStore|iPhone.Build.0 = Debug|Any CPU
		{06B8432C-E5D9-436D-A7B8-336D3B7B6D76}.AppStore|iPhoneSimulator.ActiveCfg = Debug|Any CPU
		{06B8432C-E5D9-436D-A7B8-336D3B7B6D76}.AppStore|iPhoneSimulator.Build.0 = Debug|Any CPU
		{06B8432C-E5D9-436D-A7B8-336D3B7B6D76}.Debug|Any CPU.ActiveCfg = Debug|Any CPU
		{06B8432C-E5D9-436D-A7B8-336D3B7B6D76}.Debug|Any CPU.Build.0 = Debug|Any CPU
		{06B8432C-E5D9-436D-A7B8-336D3B7B6D76}.Debug|iPhone.ActiveCfg = Debug|Any CPU
		{06B8432C-E5D9-436D-A7B8-336D3B7B6D76}.Debug|iPhone.Build.0 = Debug|Any CPU
		{06B8432C-E5D9-436D-A7B8-336D3B7B6D76}.Debug|iPhoneSimulator.ActiveCfg = Debug|Any CPU
		{06B8432C-E5D9-436D-A7B8-336D3B7B6D76}.Debug|iPhoneSimulator.Build.0 = Debug|Any CPU
		{06B8432C-E5D9-436D-A7B8-336D3B7B6D76}.Release|Any CPU.ActiveCfg = Release|Any CPU
		{06B8432C-E5D9-436D-A7B8-336D3B7B6D76}.Release|Any CPU.Build.0 = Release|Any CPU
		{06B8432C-E5D9-436D-A7B8-336D3B7B6D76}.Release|iPhone.ActiveCfg = Release|Any CPU
		{06B8432C-E5D9-436D-A7B8-336D3B7B6D76}.Release|iPhone.Build.0 = Release|Any CPU
		{06B8432C-E5D9-436D-A7B8-336D3B7B6D76}.Release|iPhoneSimulator.ActiveCfg = Release|Any CPU
		{06B8432C-E5D9-436D-A7B8-336D3B7B6D76}.Release|iPhoneSimulator.Build.0 = Release|Any CPU
		{A4C35746-7525-4B20-9DC7-429CD2E02CB4}.Ad-Hoc|Any CPU.ActiveCfg = Debug|Any CPU
		{A4C35746-7525-4B20-9DC7-429CD2E02CB4}.Ad-Hoc|Any CPU.Build.0 = Debug|Any CPU
		{A4C35746-7525-4B20-9DC7-429CD2E02CB4}.Ad-Hoc|Any CPU.Deploy.0 = Debug|Any CPU
		{A4C35746-7525-4B20-9DC7-429CD2E02CB4}.Ad-Hoc|iPhone.ActiveCfg = Debug|Any CPU
		{A4C35746-7525-4B20-9DC7-429CD2E02CB4}.Ad-Hoc|iPhone.Build.0 = Debug|Any CPU
		{A4C35746-7525-4B20-9DC7-429CD2E02CB4}.Ad-Hoc|iPhone.Deploy.0 = Debug|Any CPU
		{A4C35746-7525-4B20-9DC7-429CD2E02CB4}.Ad-Hoc|iPhoneSimulator.ActiveCfg = Debug|Any CPU
		{A4C35746-7525-4B20-9DC7-429CD2E02CB4}.Ad-Hoc|iPhoneSimulator.Build.0 = Debug|Any CPU
		{A4C35746-7525-4B20-9DC7-429CD2E02CB4}.Ad-Hoc|iPhoneSimulator.Deploy.0 = Debug|Any CPU
		{A4C35746-7525-4B20-9DC7-429CD2E02CB4}.AppStore|Any CPU.ActiveCfg = Debug|Any CPU
		{A4C35746-7525-4B20-9DC7-429CD2E02CB4}.AppStore|Any CPU.Build.0 = Debug|Any CPU
		{A4C35746-7525-4B20-9DC7-429CD2E02CB4}.AppStore|Any CPU.Deploy.0 = Debug|Any CPU
		{A4C35746-7525-4B20-9DC7-429CD2E02CB4}.AppStore|iPhone.ActiveCfg = Debug|Any CPU
		{A4C35746-7525-4B20-9DC7-429CD2E02CB4}.AppStore|iPhone.Build.0 = Debug|Any CPU
		{A4C35746-7525-4B20-9DC7-429CD2E02CB4}.AppStore|iPhone.Deploy.0 = Debug|Any CPU
		{A4C35746-7525-4B20-9DC7-429CD2E02CB4}.AppStore|iPhoneSimulator.ActiveCfg = Debug|Any CPU
		{A4C35746-7525-4B20-9DC7-429CD2E02CB4}.AppStore|iPhoneSimulator.Build.0 = Debug|Any CPU
		{A4C35746-7525-4B20-9DC7-429CD2E02CB4}.AppStore|iPhoneSimulator.Deploy.0 = Debug|Any CPU
		{A4C35746-7525-4B20-9DC7-429CD2E02CB4}.Debug|Any CPU.ActiveCfg = Debug|Any CPU
		{A4C35746-7525-4B20-9DC7-429CD2E02CB4}.Debug|Any CPU.Build.0 = Debug|Any CPU
		{A4C35746-7525-4B20-9DC7-429CD2E02CB4}.Debug|Any CPU.Deploy.0 = Debug|Any CPU
		{A4C35746-7525-4B20-9DC7-429CD2E02CB4}.Debug|iPhone.ActiveCfg = Debug|Any CPU
		{A4C35746-7525-4B20-9DC7-429CD2E02CB4}.Debug|iPhone.Build.0 = Debug|Any CPU
		{A4C35746-7525-4B20-9DC7-429CD2E02CB4}.Debug|iPhone.Deploy.0 = Debug|Any CPU
		{A4C35746-7525-4B20-9DC7-429CD2E02CB4}.Debug|iPhoneSimulator.ActiveCfg = Debug|Any CPU
		{A4C35746-7525-4B20-9DC7-429CD2E02CB4}.Debug|iPhoneSimulator.Build.0 = Debug|Any CPU
		{A4C35746-7525-4B20-9DC7-429CD2E02CB4}.Debug|iPhoneSimulator.Deploy.0 = Debug|Any CPU
		{A4C35746-7525-4B20-9DC7-429CD2E02CB4}.Release|Any CPU.ActiveCfg = Release|Any CPU
		{A4C35746-7525-4B20-9DC7-429CD2E02CB4}.Release|Any CPU.Build.0 = Release|Any CPU
		{A4C35746-7525-4B20-9DC7-429CD2E02CB4}.Release|Any CPU.Deploy.0 = Release|Any CPU
		{A4C35746-7525-4B20-9DC7-429CD2E02CB4}.Release|iPhone.ActiveCfg = Release|Any CPU
		{A4C35746-7525-4B20-9DC7-429CD2E02CB4}.Release|iPhone.Build.0 = Release|Any CPU
		{A4C35746-7525-4B20-9DC7-429CD2E02CB4}.Release|iPhone.Deploy.0 = Release|Any CPU
		{A4C35746-7525-4B20-9DC7-429CD2E02CB4}.Release|iPhoneSimulator.ActiveCfg = Release|Any CPU
		{A4C35746-7525-4B20-9DC7-429CD2E02CB4}.Release|iPhoneSimulator.Build.0 = Release|Any CPU
		{A4C35746-7525-4B20-9DC7-429CD2E02CB4}.Release|iPhoneSimulator.Deploy.0 = Release|Any CPU
		{761D0AB6-5C0F-4283-B31C-6DC74F29128D}.Ad-Hoc|Any CPU.ActiveCfg = Ad-Hoc|iPhoneSimulator
		{761D0AB6-5C0F-4283-B31C-6DC74F29128D}.Ad-Hoc|iPhone.ActiveCfg = Ad-Hoc|iPhone
		{761D0AB6-5C0F-4283-B31C-6DC74F29128D}.Ad-Hoc|iPhone.Build.0 = Ad-Hoc|iPhone
		{761D0AB6-5C0F-4283-B31C-6DC74F29128D}.Ad-Hoc|iPhoneSimulator.ActiveCfg = Ad-Hoc|iPhoneSimulator
		{761D0AB6-5C0F-4283-B31C-6DC74F29128D}.Ad-Hoc|iPhoneSimulator.Build.0 = Ad-Hoc|iPhoneSimulator
		{761D0AB6-5C0F-4283-B31C-6DC74F29128D}.AppStore|Any CPU.ActiveCfg = AppStore|iPhoneSimulator
		{761D0AB6-5C0F-4283-B31C-6DC74F29128D}.AppStore|iPhone.ActiveCfg = AppStore|iPhone
		{761D0AB6-5C0F-4283-B31C-6DC74F29128D}.AppStore|iPhone.Build.0 = AppStore|iPhone
		{761D0AB6-5C0F-4283-B31C-6DC74F29128D}.AppStore|iPhoneSimulator.ActiveCfg = AppStore|iPhoneSimulator
		{761D0AB6-5C0F-4283-B31C-6DC74F29128D}.AppStore|iPhoneSimulator.Build.0 = AppStore|iPhoneSimulator
		{761D0AB6-5C0F-4283-B31C-6DC74F29128D}.Debug|Any CPU.ActiveCfg = Debug|iPhoneSimulator
		{761D0AB6-5C0F-4283-B31C-6DC74F29128D}.Debug|Any CPU.Build.0 = Debug|iPhoneSimulator
		{761D0AB6-5C0F-4283-B31C-6DC74F29128D}.Debug|iPhone.ActiveCfg = Debug|iPhone
		{761D0AB6-5C0F-4283-B31C-6DC74F29128D}.Debug|iPhone.Build.0 = Debug|iPhone
		{761D0AB6-5C0F-4283-B31C-6DC74F29128D}.Debug|iPhoneSimulator.ActiveCfg = Debug|iPhoneSimulator
		{761D0AB6-5C0F-4283-B31C-6DC74F29128D}.Debug|iPhoneSimulator.Build.0 = Debug|iPhoneSimulator
		{761D0AB6-5C0F-4283-B31C-6DC74F29128D}.Release|Any CPU.ActiveCfg = Release|iPhoneSimulator
		{761D0AB6-5C0F-4283-B31C-6DC74F29128D}.Release|iPhone.ActiveCfg = Release|iPhone
		{761D0AB6-5C0F-4283-B31C-6DC74F29128D}.Release|iPhone.Build.0 = Release|iPhone
		{761D0AB6-5C0F-4283-B31C-6DC74F29128D}.Release|iPhoneSimulator.ActiveCfg = Release|iPhoneSimulator
		{761D0AB6-5C0F-4283-B31C-6DC74F29128D}.Release|iPhoneSimulator.Build.0 = Release|iPhoneSimulator
		{6637C171-1FA8-4DDD-ADE1-7A901AAF8692}.Ad-Hoc|Any CPU.ActiveCfg = Debug|Any CPU
		{6637C171-1FA8-4DDD-ADE1-7A901AAF8692}.Ad-Hoc|Any CPU.Build.0 = Debug|Any CPU
		{6637C171-1FA8-4DDD-ADE1-7A901AAF8692}.Ad-Hoc|iPhone.ActiveCfg = Debug|Any CPU
		{6637C171-1FA8-4DDD-ADE1-7A901AAF8692}.Ad-Hoc|iPhone.Build.0 = Debug|Any CPU
		{6637C171-1FA8-4DDD-ADE1-7A901AAF8692}.Ad-Hoc|iPhoneSimulator.ActiveCfg = Debug|Any CPU
		{6637C171-1FA8-4DDD-ADE1-7A901AAF8692}.Ad-Hoc|iPhoneSimulator.Build.0 = Debug|Any CPU
		{6637C171-1FA8-4DDD-ADE1-7A901AAF8692}.AppStore|Any CPU.ActiveCfg = Debug|Any CPU
		{6637C171-1FA8-4DDD-ADE1-7A901AAF8692}.AppStore|Any CPU.Build.0 = Debug|Any CPU
		{6637C171-1FA8-4DDD-ADE1-7A901AAF8692}.AppStore|iPhone.ActiveCfg = Debug|Any CPU
		{6637C171-1FA8-4DDD-ADE1-7A901AAF8692}.AppStore|iPhone.Build.0 = Debug|Any CPU
		{6637C171-1FA8-4DDD-ADE1-7A901AAF8692}.AppStore|iPhoneSimulator.ActiveCfg = Debug|Any CPU
		{6637C171-1FA8-4DDD-ADE1-7A901AAF8692}.AppStore|iPhoneSimulator.Build.0 = Debug|Any CPU
		{6637C171-1FA8-4DDD-ADE1-7A901AAF8692}.Debug|Any CPU.ActiveCfg = Debug|Any CPU
		{6637C171-1FA8-4DDD-ADE1-7A901AAF8692}.Debug|Any CPU.Build.0 = Debug|Any CPU
		{6637C171-1FA8-4DDD-ADE1-7A901AAF8692}.Debug|iPhone.ActiveCfg = Debug|Any CPU
		{6637C171-1FA8-4DDD-ADE1-7A901AAF8692}.Debug|iPhone.Build.0 = Debug|Any CPU
		{6637C171-1FA8-4DDD-ADE1-7A901AAF8692}.Debug|iPhoneSimulator.ActiveCfg = Debug|Any CPU
		{6637C171-1FA8-4DDD-ADE1-7A901AAF8692}.Debug|iPhoneSimulator.Build.0 = Debug|Any CPU
		{6637C171-1FA8-4DDD-ADE1-7A901AAF8692}.Release|Any CPU.ActiveCfg = Release|Any CPU
		{6637C171-1FA8-4DDD-ADE1-7A901AAF8692}.Release|Any CPU.Build.0 = Release|Any CPU
		{6637C171-1FA8-4DDD-ADE1-7A901AAF8692}.Release|iPhone.ActiveCfg = Release|Any CPU
		{6637C171-1FA8-4DDD-ADE1-7A901AAF8692}.Release|iPhone.Build.0 = Release|Any CPU
		{6637C171-1FA8-4DDD-ADE1-7A901AAF8692}.Release|iPhoneSimulator.ActiveCfg = Release|Any CPU
		{6637C171-1FA8-4DDD-ADE1-7A901AAF8692}.Release|iPhoneSimulator.Build.0 = Release|Any CPU
		{C0BB541D-3639-4115-9AAE-E1CB753D7DD8}.Ad-Hoc|Any CPU.ActiveCfg = Debug|Any CPU
		{C0BB541D-3639-4115-9AAE-E1CB753D7DD8}.Ad-Hoc|Any CPU.Build.0 = Debug|Any CPU
		{C0BB541D-3639-4115-9AAE-E1CB753D7DD8}.Ad-Hoc|iPhone.ActiveCfg = Debug|Any CPU
		{C0BB541D-3639-4115-9AAE-E1CB753D7DD8}.Ad-Hoc|iPhone.Build.0 = Debug|Any CPU
		{C0BB541D-3639-4115-9AAE-E1CB753D7DD8}.Ad-Hoc|iPhoneSimulator.ActiveCfg = Debug|Any CPU
		{C0BB541D-3639-4115-9AAE-E1CB753D7DD8}.Ad-Hoc|iPhoneSimulator.Build.0 = Debug|Any CPU
		{C0BB541D-3639-4115-9AAE-E1CB753D7DD8}.AppStore|Any CPU.ActiveCfg = Debug|Any CPU
		{C0BB541D-3639-4115-9AAE-E1CB753D7DD8}.AppStore|Any CPU.Build.0 = Debug|Any CPU
		{C0BB541D-3639-4115-9AAE-E1CB753D7DD8}.AppStore|iPhone.ActiveCfg = Debug|Any CPU
		{C0BB541D-3639-4115-9AAE-E1CB753D7DD8}.AppStore|iPhone.Build.0 = Debug|Any CPU
		{C0BB541D-3639-4115-9AAE-E1CB753D7DD8}.AppStore|iPhoneSimulator.ActiveCfg = Debug|Any CPU
		{C0BB541D-3639-4115-9AAE-E1CB753D7DD8}.AppStore|iPhoneSimulator.Build.0 = Debug|Any CPU
		{C0BB541D-3639-4115-9AAE-E1CB753D7DD8}.Debug|Any CPU.ActiveCfg = Debug|Any CPU
		{C0BB541D-3639-4115-9AAE-E1CB753D7DD8}.Debug|Any CPU.Build.0 = Debug|Any CPU
		{C0BB541D-3639-4115-9AAE-E1CB753D7DD8}.Debug|iPhone.ActiveCfg = Debug|Any CPU
		{C0BB541D-3639-4115-9AAE-E1CB753D7DD8}.Debug|iPhone.Build.0 = Debug|Any CPU
		{C0BB541D-3639-4115-9AAE-E1CB753D7DD8}.Debug|iPhoneSimulator.ActiveCfg = Debug|Any CPU
		{C0BB541D-3639-4115-9AAE-E1CB753D7DD8}.Debug|iPhoneSimulator.Build.0 = Debug|Any CPU
		{C0BB541D-3639-4115-9AAE-E1CB753D7DD8}.Release|Any CPU.ActiveCfg = Release|Any CPU
		{C0BB541D-3639-4115-9AAE-E1CB753D7DD8}.Release|Any CPU.Build.0 = Release|Any CPU
		{C0BB541D-3639-4115-9AAE-E1CB753D7DD8}.Release|iPhone.ActiveCfg = Release|Any CPU
		{C0BB541D-3639-4115-9AAE-E1CB753D7DD8}.Release|iPhone.Build.0 = Release|Any CPU
		{C0BB541D-3639-4115-9AAE-E1CB753D7DD8}.Release|iPhoneSimulator.ActiveCfg = Release|Any CPU
		{C0BB541D-3639-4115-9AAE-E1CB753D7DD8}.Release|iPhoneSimulator.Build.0 = Release|Any CPU
		{5A20C2C8-637A-46FB-9D4E-90E9B6D5B220}.Ad-Hoc|Any CPU.ActiveCfg = Debug|Any CPU
		{5A20C2C8-637A-46FB-9D4E-90E9B6D5B220}.Ad-Hoc|Any CPU.Build.0 = Debug|Any CPU
		{5A20C2C8-637A-46FB-9D4E-90E9B6D5B220}.Ad-Hoc|iPhone.ActiveCfg = Debug|Any CPU
		{5A20C2C8-637A-46FB-9D4E-90E9B6D5B220}.Ad-Hoc|iPhone.Build.0 = Debug|Any CPU
		{5A20C2C8-637A-46FB-9D4E-90E9B6D5B220}.Ad-Hoc|iPhoneSimulator.ActiveCfg = Debug|Any CPU
		{5A20C2C8-637A-46FB-9D4E-90E9B6D5B220}.Ad-Hoc|iPhoneSimulator.Build.0 = Debug|Any CPU
		{5A20C2C8-637A-46FB-9D4E-90E9B6D5B220}.AppStore|Any CPU.ActiveCfg = Debug|Any CPU
		{5A20C2C8-637A-46FB-9D4E-90E9B6D5B220}.AppStore|Any CPU.Build.0 = Debug|Any CPU
		{5A20C2C8-637A-46FB-9D4E-90E9B6D5B220}.AppStore|iPhone.ActiveCfg = Debug|Any CPU
		{5A20C2C8-637A-46FB-9D4E-90E9B6D5B220}.AppStore|iPhone.Build.0 = Debug|Any CPU
		{5A20C2C8-637A-46FB-9D4E-90E9B6D5B220}.AppStore|iPhoneSimulator.ActiveCfg = Debug|Any CPU
		{5A20C2C8-637A-46FB-9D4E-90E9B6D5B220}.AppStore|iPhoneSimulator.Build.0 = Debug|Any CPU
		{5A20C2C8-637A-46FB-9D4E-90E9B6D5B220}.Debug|Any CPU.ActiveCfg = Debug|Any CPU
		{5A20C2C8-637A-46FB-9D4E-90E9B6D5B220}.Debug|Any CPU.Build.0 = Debug|Any CPU
		{5A20C2C8-637A-46FB-9D4E-90E9B6D5B220}.Debug|iPhone.ActiveCfg = Debug|Any CPU
		{5A20C2C8-637A-46FB-9D4E-90E9B6D5B220}.Debug|iPhone.Build.0 = Debug|Any CPU
		{5A20C2C8-637A-46FB-9D4E-90E9B6D5B220}.Debug|iPhoneSimulator.ActiveCfg = Debug|Any CPU
		{5A20C2C8-637A-46FB-9D4E-90E9B6D5B220}.Debug|iPhoneSimulator.Build.0 = Debug|Any CPU
		{5A20C2C8-637A-46FB-9D4E-90E9B6D5B220}.Release|Any CPU.ActiveCfg = Release|Any CPU
		{5A20C2C8-637A-46FB-9D4E-90E9B6D5B220}.Release|Any CPU.Build.0 = Release|Any CPU
		{5A20C2C8-637A-46FB-9D4E-90E9B6D5B220}.Release|iPhone.ActiveCfg = Release|Any CPU
		{5A20C2C8-637A-46FB-9D4E-90E9B6D5B220}.Release|iPhone.Build.0 = Release|Any CPU
		{5A20C2C8-637A-46FB-9D4E-90E9B6D5B220}.Release|iPhoneSimulator.ActiveCfg = Release|Any CPU
		{5A20C2C8-637A-46FB-9D4E-90E9B6D5B220}.Release|iPhoneSimulator.Build.0 = Release|Any CPU
		{DFF96C91-832B-4C8A-90B7-037E1BE2725B}.Ad-Hoc|Any CPU.ActiveCfg = Debug|Any CPU
		{DFF96C91-832B-4C8A-90B7-037E1BE2725B}.Ad-Hoc|Any CPU.Build.0 = Debug|Any CPU
		{DFF96C91-832B-4C8A-90B7-037E1BE2725B}.Ad-Hoc|iPhone.ActiveCfg = Debug|Any CPU
		{DFF96C91-832B-4C8A-90B7-037E1BE2725B}.Ad-Hoc|iPhone.Build.0 = Debug|Any CPU
		{DFF96C91-832B-4C8A-90B7-037E1BE2725B}.Ad-Hoc|iPhoneSimulator.ActiveCfg = Debug|Any CPU
		{DFF96C91-832B-4C8A-90B7-037E1BE2725B}.Ad-Hoc|iPhoneSimulator.Build.0 = Debug|Any CPU
		{DFF96C91-832B-4C8A-90B7-037E1BE2725B}.AppStore|Any CPU.ActiveCfg = Debug|Any CPU
		{DFF96C91-832B-4C8A-90B7-037E1BE2725B}.AppStore|Any CPU.Build.0 = Debug|Any CPU
		{DFF96C91-832B-4C8A-90B7-037E1BE2725B}.AppStore|iPhone.ActiveCfg = Debug|Any CPU
		{DFF96C91-832B-4C8A-90B7-037E1BE2725B}.AppStore|iPhone.Build.0 = Debug|Any CPU
		{DFF96C91-832B-4C8A-90B7-037E1BE2725B}.AppStore|iPhoneSimulator.ActiveCfg = Debug|Any CPU
		{DFF96C91-832B-4C8A-90B7-037E1BE2725B}.AppStore|iPhoneSimulator.Build.0 = Debug|Any CPU
		{DFF96C91-832B-4C8A-90B7-037E1BE2725B}.Debug|Any CPU.ActiveCfg = Debug|Any CPU
		{DFF96C91-832B-4C8A-90B7-037E1BE2725B}.Debug|Any CPU.Build.0 = Debug|Any CPU
		{DFF96C91-832B-4C8A-90B7-037E1BE2725B}.Debug|iPhone.ActiveCfg = Debug|Any CPU
		{DFF96C91-832B-4C8A-90B7-037E1BE2725B}.Debug|iPhone.Build.0 = Debug|Any CPU
		{DFF96C91-832B-4C8A-90B7-037E1BE2725B}.Debug|iPhoneSimulator.ActiveCfg = Debug|Any CPU
		{DFF96C91-832B-4C8A-90B7-037E1BE2725B}.Debug|iPhoneSimulator.Build.0 = Debug|Any CPU
		{DFF96C91-832B-4C8A-90B7-037E1BE2725B}.Release|Any CPU.ActiveCfg = Release|Any CPU
		{DFF96C91-832B-4C8A-90B7-037E1BE2725B}.Release|Any CPU.Build.0 = Release|Any CPU
		{DFF96C91-832B-4C8A-90B7-037E1BE2725B}.Release|iPhone.ActiveCfg = Release|Any CPU
		{DFF96C91-832B-4C8A-90B7-037E1BE2725B}.Release|iPhone.Build.0 = Release|Any CPU
		{DFF96C91-832B-4C8A-90B7-037E1BE2725B}.Release|iPhoneSimulator.ActiveCfg = Release|Any CPU
		{DFF96C91-832B-4C8A-90B7-037E1BE2725B}.Release|iPhoneSimulator.Build.0 = Release|Any CPU
		{63C9C333-133F-44F6-8CBB-07D3D63081CD}.Ad-Hoc|Any CPU.ActiveCfg = Debug|Any CPU
		{63C9C333-133F-44F6-8CBB-07D3D63081CD}.Ad-Hoc|Any CPU.Build.0 = Debug|Any CPU
		{63C9C333-133F-44F6-8CBB-07D3D63081CD}.Ad-Hoc|Any CPU.Deploy.0 = Debug|Any CPU
		{63C9C333-133F-44F6-8CBB-07D3D63081CD}.Ad-Hoc|iPhone.ActiveCfg = Debug|Any CPU
		{63C9C333-133F-44F6-8CBB-07D3D63081CD}.Ad-Hoc|iPhone.Build.0 = Debug|Any CPU
		{63C9C333-133F-44F6-8CBB-07D3D63081CD}.Ad-Hoc|iPhone.Deploy.0 = Debug|Any CPU
		{63C9C333-133F-44F6-8CBB-07D3D63081CD}.Ad-Hoc|iPhoneSimulator.ActiveCfg = Debug|Any CPU
		{63C9C333-133F-44F6-8CBB-07D3D63081CD}.Ad-Hoc|iPhoneSimulator.Build.0 = Debug|Any CPU
		{63C9C333-133F-44F6-8CBB-07D3D63081CD}.Ad-Hoc|iPhoneSimulator.Deploy.0 = Debug|Any CPU
		{63C9C333-133F-44F6-8CBB-07D3D63081CD}.AppStore|Any CPU.ActiveCfg = Debug|Any CPU
		{63C9C333-133F-44F6-8CBB-07D3D63081CD}.AppStore|Any CPU.Build.0 = Debug|Any CPU
		{63C9C333-133F-44F6-8CBB-07D3D63081CD}.AppStore|Any CPU.Deploy.0 = Debug|Any CPU
		{63C9C333-133F-44F6-8CBB-07D3D63081CD}.AppStore|iPhone.ActiveCfg = Debug|Any CPU
		{63C9C333-133F-44F6-8CBB-07D3D63081CD}.AppStore|iPhone.Build.0 = Debug|Any CPU
		{63C9C333-133F-44F6-8CBB-07D3D63081CD}.AppStore|iPhone.Deploy.0 = Debug|Any CPU
		{63C9C333-133F-44F6-8CBB-07D3D63081CD}.AppStore|iPhoneSimulator.ActiveCfg = Debug|Any CPU
		{63C9C333-133F-44F6-8CBB-07D3D63081CD}.AppStore|iPhoneSimulator.Build.0 = Debug|Any CPU
		{63C9C333-133F-44F6-8CBB-07D3D63081CD}.AppStore|iPhoneSimulator.Deploy.0 = Debug|Any CPU
		{63C9C333-133F-44F6-8CBB-07D3D63081CD}.Debug|Any CPU.ActiveCfg = Debug|Any CPU
		{63C9C333-133F-44F6-8CBB-07D3D63081CD}.Debug|Any CPU.Build.0 = Debug|Any CPU
		{63C9C333-133F-44F6-8CBB-07D3D63081CD}.Debug|Any CPU.Deploy.0 = Debug|Any CPU
		{63C9C333-133F-44F6-8CBB-07D3D63081CD}.Debug|iPhone.ActiveCfg = Debug|Any CPU
		{63C9C333-133F-44F6-8CBB-07D3D63081CD}.Debug|iPhone.Build.0 = Debug|Any CPU
		{63C9C333-133F-44F6-8CBB-07D3D63081CD}.Debug|iPhone.Deploy.0 = Debug|Any CPU
		{63C9C333-133F-44F6-8CBB-07D3D63081CD}.Debug|iPhoneSimulator.ActiveCfg = Debug|Any CPU
		{63C9C333-133F-44F6-8CBB-07D3D63081CD}.Debug|iPhoneSimulator.Build.0 = Debug|Any CPU
		{63C9C333-133F-44F6-8CBB-07D3D63081CD}.Debug|iPhoneSimulator.Deploy.0 = Debug|Any CPU
		{63C9C333-133F-44F6-8CBB-07D3D63081CD}.Release|Any CPU.ActiveCfg = Release|Any CPU
		{63C9C333-133F-44F6-8CBB-07D3D63081CD}.Release|Any CPU.Build.0 = Release|Any CPU
		{63C9C333-133F-44F6-8CBB-07D3D63081CD}.Release|Any CPU.Deploy.0 = Release|Any CPU
		{63C9C333-133F-44F6-8CBB-07D3D63081CD}.Release|iPhone.ActiveCfg = Release|Any CPU
		{63C9C333-133F-44F6-8CBB-07D3D63081CD}.Release|iPhone.Build.0 = Release|Any CPU
		{63C9C333-133F-44F6-8CBB-07D3D63081CD}.Release|iPhone.Deploy.0 = Release|Any CPU
		{63C9C333-133F-44F6-8CBB-07D3D63081CD}.Release|iPhoneSimulator.ActiveCfg = Release|Any CPU
		{63C9C333-133F-44F6-8CBB-07D3D63081CD}.Release|iPhoneSimulator.Build.0 = Release|Any CPU
		{63C9C333-133F-44F6-8CBB-07D3D63081CD}.Release|iPhoneSimulator.Deploy.0 = Release|Any CPU
		{F7609E43-4E70-48D7-ABF4-04AA4B1A95AA}.Ad-Hoc|Any CPU.ActiveCfg = Ad-Hoc|iPhoneSimulator
		{F7609E43-4E70-48D7-ABF4-04AA4B1A95AA}.Ad-Hoc|iPhone.ActiveCfg = Ad-Hoc|iPhone
		{F7609E43-4E70-48D7-ABF4-04AA4B1A95AA}.Ad-Hoc|iPhone.Build.0 = Ad-Hoc|iPhone
		{F7609E43-4E70-48D7-ABF4-04AA4B1A95AA}.Ad-Hoc|iPhoneSimulator.ActiveCfg = Ad-Hoc|iPhoneSimulator
		{F7609E43-4E70-48D7-ABF4-04AA4B1A95AA}.Ad-Hoc|iPhoneSimulator.Build.0 = Ad-Hoc|iPhoneSimulator
		{F7609E43-4E70-48D7-ABF4-04AA4B1A95AA}.AppStore|Any CPU.ActiveCfg = AppStore|iPhoneSimulator
		{F7609E43-4E70-48D7-ABF4-04AA4B1A95AA}.AppStore|iPhone.ActiveCfg = AppStore|iPhone
		{F7609E43-4E70-48D7-ABF4-04AA4B1A95AA}.AppStore|iPhone.Build.0 = AppStore|iPhone
		{F7609E43-4E70-48D7-ABF4-04AA4B1A95AA}.AppStore|iPhoneSimulator.ActiveCfg = AppStore|iPhoneSimulator
		{F7609E43-4E70-48D7-ABF4-04AA4B1A95AA}.AppStore|iPhoneSimulator.Build.0 = AppStore|iPhoneSimulator
		{F7609E43-4E70-48D7-ABF4-04AA4B1A95AA}.Debug|Any CPU.ActiveCfg = Debug|iPhoneSimulator
		{F7609E43-4E70-48D7-ABF4-04AA4B1A95AA}.Debug|iPhone.ActiveCfg = Debug|iPhone
		{F7609E43-4E70-48D7-ABF4-04AA4B1A95AA}.Debug|iPhone.Build.0 = Debug|iPhone
		{F7609E43-4E70-48D7-ABF4-04AA4B1A95AA}.Debug|iPhoneSimulator.ActiveCfg = Debug|iPhoneSimulator
		{F7609E43-4E70-48D7-ABF4-04AA4B1A95AA}.Debug|iPhoneSimulator.Build.0 = Debug|iPhoneSimulator
		{F7609E43-4E70-48D7-ABF4-04AA4B1A95AA}.Release|Any CPU.ActiveCfg = Release|iPhoneSimulator
		{F7609E43-4E70-48D7-ABF4-04AA4B1A95AA}.Release|iPhone.ActiveCfg = Release|iPhone
		{F7609E43-4E70-48D7-ABF4-04AA4B1A95AA}.Release|iPhone.Build.0 = Release|iPhone
		{F7609E43-4E70-48D7-ABF4-04AA4B1A95AA}.Release|iPhoneSimulator.ActiveCfg = Release|iPhoneSimulator
		{F7609E43-4E70-48D7-ABF4-04AA4B1A95AA}.Release|iPhoneSimulator.Build.0 = Release|iPhoneSimulator
		{6AF76794-B681-497D-99C7-2A32C5A18A41}.Ad-Hoc|Any CPU.ActiveCfg = Debug|Any CPU
		{6AF76794-B681-497D-99C7-2A32C5A18A41}.Ad-Hoc|Any CPU.Build.0 = Debug|Any CPU
		{6AF76794-B681-497D-99C7-2A32C5A18A41}.Ad-Hoc|iPhone.ActiveCfg = Debug|Any CPU
		{6AF76794-B681-497D-99C7-2A32C5A18A41}.Ad-Hoc|iPhone.Build.0 = Debug|Any CPU
		{6AF76794-B681-497D-99C7-2A32C5A18A41}.Ad-Hoc|iPhoneSimulator.ActiveCfg = Debug|Any CPU
		{6AF76794-B681-497D-99C7-2A32C5A18A41}.Ad-Hoc|iPhoneSimulator.Build.0 = Debug|Any CPU
		{6AF76794-B681-497D-99C7-2A32C5A18A41}.AppStore|Any CPU.ActiveCfg = Debug|Any CPU
		{6AF76794-B681-497D-99C7-2A32C5A18A41}.AppStore|Any CPU.Build.0 = Debug|Any CPU
		{6AF76794-B681-497D-99C7-2A32C5A18A41}.AppStore|iPhone.ActiveCfg = Debug|Any CPU
		{6AF76794-B681-497D-99C7-2A32C5A18A41}.AppStore|iPhone.Build.0 = Debug|Any CPU
		{6AF76794-B681-497D-99C7-2A32C5A18A41}.AppStore|iPhoneSimulator.ActiveCfg = Debug|Any CPU
		{6AF76794-B681-497D-99C7-2A32C5A18A41}.AppStore|iPhoneSimulator.Build.0 = Debug|Any CPU
		{6AF76794-B681-497D-99C7-2A32C5A18A41}.Debug|Any CPU.ActiveCfg = Debug|Any CPU
		{6AF76794-B681-497D-99C7-2A32C5A18A41}.Debug|Any CPU.Build.0 = Debug|Any CPU
		{6AF76794-B681-497D-99C7-2A32C5A18A41}.Debug|iPhone.ActiveCfg = Debug|Any CPU
		{6AF76794-B681-497D-99C7-2A32C5A18A41}.Debug|iPhone.Build.0 = Debug|Any CPU
		{6AF76794-B681-497D-99C7-2A32C5A18A41}.Debug|iPhoneSimulator.ActiveCfg = Debug|Any CPU
		{6AF76794-B681-497D-99C7-2A32C5A18A41}.Debug|iPhoneSimulator.Build.0 = Debug|Any CPU
		{6AF76794-B681-497D-99C7-2A32C5A18A41}.Release|Any CPU.ActiveCfg = Release|Any CPU
		{6AF76794-B681-497D-99C7-2A32C5A18A41}.Release|Any CPU.Build.0 = Release|Any CPU
		{6AF76794-B681-497D-99C7-2A32C5A18A41}.Release|iPhone.ActiveCfg = Release|Any CPU
		{6AF76794-B681-497D-99C7-2A32C5A18A41}.Release|iPhone.Build.0 = Release|Any CPU
		{6AF76794-B681-497D-99C7-2A32C5A18A41}.Release|iPhoneSimulator.ActiveCfg = Release|Any CPU
		{6AF76794-B681-497D-99C7-2A32C5A18A41}.Release|iPhoneSimulator.Build.0 = Release|Any CPU
		{19637D9B-B825-4ADF-9A47-2FBAE19E39C7}.Ad-Hoc|Any CPU.ActiveCfg = Debug|Any CPU
		{19637D9B-B825-4ADF-9A47-2FBAE19E39C7}.Ad-Hoc|Any CPU.Build.0 = Debug|Any CPU
		{19637D9B-B825-4ADF-9A47-2FBAE19E39C7}.Ad-Hoc|iPhone.ActiveCfg = Debug|Any CPU
		{19637D9B-B825-4ADF-9A47-2FBAE19E39C7}.Ad-Hoc|iPhone.Build.0 = Debug|Any CPU
		{19637D9B-B825-4ADF-9A47-2FBAE19E39C7}.Ad-Hoc|iPhoneSimulator.ActiveCfg = Debug|Any CPU
		{19637D9B-B825-4ADF-9A47-2FBAE19E39C7}.Ad-Hoc|iPhoneSimulator.Build.0 = Debug|Any CPU
		{19637D9B-B825-4ADF-9A47-2FBAE19E39C7}.AppStore|Any CPU.ActiveCfg = Debug|Any CPU
		{19637D9B-B825-4ADF-9A47-2FBAE19E39C7}.AppStore|Any CPU.Build.0 = Debug|Any CPU
		{19637D9B-B825-4ADF-9A47-2FBAE19E39C7}.AppStore|iPhone.ActiveCfg = Debug|Any CPU
		{19637D9B-B825-4ADF-9A47-2FBAE19E39C7}.AppStore|iPhone.Build.0 = Debug|Any CPU
		{19637D9B-B825-4ADF-9A47-2FBAE19E39C7}.AppStore|iPhoneSimulator.ActiveCfg = Debug|Any CPU
		{19637D9B-B825-4ADF-9A47-2FBAE19E39C7}.AppStore|iPhoneSimulator.Build.0 = Debug|Any CPU
		{19637D9B-B825-4ADF-9A47-2FBAE19E39C7}.Debug|Any CPU.ActiveCfg = Debug|Any CPU
		{19637D9B-B825-4ADF-9A47-2FBAE19E39C7}.Debug|Any CPU.Build.0 = Debug|Any CPU
		{19637D9B-B825-4ADF-9A47-2FBAE19E39C7}.Debug|iPhone.ActiveCfg = Debug|Any CPU
		{19637D9B-B825-4ADF-9A47-2FBAE19E39C7}.Debug|iPhone.Build.0 = Debug|Any CPU
		{19637D9B-B825-4ADF-9A47-2FBAE19E39C7}.Debug|iPhoneSimulator.ActiveCfg = Debug|Any CPU
		{19637D9B-B825-4ADF-9A47-2FBAE19E39C7}.Debug|iPhoneSimulator.Build.0 = Debug|Any CPU
		{19637D9B-B825-4ADF-9A47-2FBAE19E39C7}.Release|Any CPU.ActiveCfg = Release|Any CPU
		{19637D9B-B825-4ADF-9A47-2FBAE19E39C7}.Release|Any CPU.Build.0 = Release|Any CPU
		{19637D9B-B825-4ADF-9A47-2FBAE19E39C7}.Release|iPhone.ActiveCfg = Release|Any CPU
		{19637D9B-B825-4ADF-9A47-2FBAE19E39C7}.Release|iPhone.Build.0 = Release|Any CPU
		{19637D9B-B825-4ADF-9A47-2FBAE19E39C7}.Release|iPhoneSimulator.ActiveCfg = Release|Any CPU
		{19637D9B-B825-4ADF-9A47-2FBAE19E39C7}.Release|iPhoneSimulator.Build.0 = Release|Any CPU
		{B1209BA6-3FA2-498F-B23A-9B6F91FB6BE1}.Ad-Hoc|Any CPU.ActiveCfg = Debug|Any CPU
		{B1209BA6-3FA2-498F-B23A-9B6F91FB6BE1}.Ad-Hoc|Any CPU.Build.0 = Debug|Any CPU
		{B1209BA6-3FA2-498F-B23A-9B6F91FB6BE1}.Ad-Hoc|iPhone.ActiveCfg = Debug|Any CPU
		{B1209BA6-3FA2-498F-B23A-9B6F91FB6BE1}.Ad-Hoc|iPhone.Build.0 = Debug|Any CPU
		{B1209BA6-3FA2-498F-B23A-9B6F91FB6BE1}.Ad-Hoc|iPhoneSimulator.ActiveCfg = Debug|Any CPU
		{B1209BA6-3FA2-498F-B23A-9B6F91FB6BE1}.Ad-Hoc|iPhoneSimulator.Build.0 = Debug|Any CPU
		{B1209BA6-3FA2-498F-B23A-9B6F91FB6BE1}.AppStore|Any CPU.ActiveCfg = Debug|Any CPU
		{B1209BA6-3FA2-498F-B23A-9B6F91FB6BE1}.AppStore|Any CPU.Build.0 = Debug|Any CPU
		{B1209BA6-3FA2-498F-B23A-9B6F91FB6BE1}.AppStore|iPhone.ActiveCfg = Debug|Any CPU
		{B1209BA6-3FA2-498F-B23A-9B6F91FB6BE1}.AppStore|iPhone.Build.0 = Debug|Any CPU
		{B1209BA6-3FA2-498F-B23A-9B6F91FB6BE1}.AppStore|iPhoneSimulator.ActiveCfg = Debug|Any CPU
		{B1209BA6-3FA2-498F-B23A-9B6F91FB6BE1}.AppStore|iPhoneSimulator.Build.0 = Debug|Any CPU
		{B1209BA6-3FA2-498F-B23A-9B6F91FB6BE1}.Debug|Any CPU.ActiveCfg = Debug|Any CPU
		{B1209BA6-3FA2-498F-B23A-9B6F91FB6BE1}.Debug|Any CPU.Build.0 = Debug|Any CPU
		{B1209BA6-3FA2-498F-B23A-9B6F91FB6BE1}.Debug|iPhone.ActiveCfg = Debug|Any CPU
		{B1209BA6-3FA2-498F-B23A-9B6F91FB6BE1}.Debug|iPhone.Build.0 = Debug|Any CPU
		{B1209BA6-3FA2-498F-B23A-9B6F91FB6BE1}.Debug|iPhoneSimulator.ActiveCfg = Debug|Any CPU
		{B1209BA6-3FA2-498F-B23A-9B6F91FB6BE1}.Debug|iPhoneSimulator.Build.0 = Debug|Any CPU
		{B1209BA6-3FA2-498F-B23A-9B6F91FB6BE1}.Release|Any CPU.ActiveCfg = Release|Any CPU
		{B1209BA6-3FA2-498F-B23A-9B6F91FB6BE1}.Release|Any CPU.Build.0 = Release|Any CPU
		{B1209BA6-3FA2-498F-B23A-9B6F91FB6BE1}.Release|iPhone.ActiveCfg = Release|Any CPU
		{B1209BA6-3FA2-498F-B23A-9B6F91FB6BE1}.Release|iPhone.Build.0 = Release|Any CPU
		{B1209BA6-3FA2-498F-B23A-9B6F91FB6BE1}.Release|iPhoneSimulator.ActiveCfg = Release|Any CPU
		{B1209BA6-3FA2-498F-B23A-9B6F91FB6BE1}.Release|iPhoneSimulator.Build.0 = Release|Any CPU
	EndGlobalSection
	GlobalSection(SolutionProperties) = preSolution
		HideSolutionNode = FALSE
	EndGlobalSection
	GlobalSection(ExtensibilityGlobals) = postSolution
		SolutionGuid = {5F2CF458-A730-4ACD-8756-F26FE8064618}
	EndGlobalSection
EndGlobal
